
Microsoft Visual Studio Solution File, Format Version 12.00
# Visual Studio 15
VisualStudioVersion = 15.0.28307.902
MinimumVisualStudioVersion = 10.0.40219.1
Project("{8BC9CEB8-8B4A-11D0-8D11-00A0C91BC942}") = "Statistics", "Statistics\Statistics.vcxproj", "{0A3AC9CE-72FD-44AF-939C-AB8C31931A07}"
EndProject
Global
	GlobalSection(SolutionConfigurationPlatforms) = preSolution
		Debug|x64 = Debug|x64
		Debug|x86 = Debug|x86
		Release|x64 = Release|x64
		Release|x86 = Release|x86
	EndGlobalSection
	GlobalSection(ProjectConfigurationPlatforms) = postSolution
		{0A3AC9CE-72FD-44AF-939C-AB8C31931A07}.Debug|x64.ActiveCfg = Debug|x64
		{0A3AC9CE-72FD-44AF-939C-AB8C31931A07}.Debug|x64.Build.0 = Debug|x64
		{0A3AC9CE-72FD-44AF-939C-AB8C31931A07}.Debug|x86.ActiveCfg = Debug|Win32
		{0A3AC9CE-72FD-44AF-939C-AB8C31931A07}.Debug|x86.Build.0 = Debug|Win32
		{0A3AC9CE-72FD-44AF-939C-AB8C31931A07}.Release|x64.ActiveCfg = Release|x64
		{0A3AC9CE-72FD-44AF-939C-AB8C31931A07}.Release|x64.Build.0 = Release|x64
		{0A3AC9CE-72FD-44AF-939C-AB8C31931A07}.Release|x86.ActiveCfg = Release|Win32
		{0A3AC9CE-72FD-44AF-939C-AB8C31931A07}.Release|x86.Build.0 = Release|Win32
	EndGlobalSection
	GlobalSection(SolutionProperties) = preSolution
		HideSolutionNode = FALSE
	EndGlobalSection
	GlobalSection(ExtensibilityGlobals) = postSolution
		SolutionGuid = {D0391BC6-B91B-4E17-8CC7-E43080F776BC}
	EndGlobalSection
EndGlobal
